PODS:
  - Flutter (1.0.0)
  - geolocator (5.2.0):
    - Flutter
  - google_api_availability (2.0.2):
    - Flutter
  - "location_permissions (2.0.4+1)":
    - Flutter
  - square_in_app_payments (1.3.0):
    - Flutter
    - SquareBuyerVerificationSDK (= 1.3.0)
    - SquareInAppPaymentsSDK (= 1.3.0)
  - SquareBuyerVerificationSDK (1.3.0)
  - SquareInAppPaymentsSDK (1.3.0)

DEPENDENCIES:
  - Flutter (from `Flutter`)
  - geolocator (from `.symlinks/plugins/geolocator/ios`)
  - google_api_availability (from `.symlinks/plugins/google_api_availability/ios`)
  - location_permissions (from `.symlinks/plugins/location_permissions/ios`)
  - square_in_app_payments (from `.symlinks/plugins/square_in_app_payments/ios`)

SPEC REPOS:
  trunk:
    - SquareBuyerVerificationSDK
    - SquareInAppPaymentsSDK

EXTERNAL SOURCES:
  Flutter:
    :path: Flutter
  geolocator:
    :path: ".symlinks/plugins/geolocator/ios"
  google_api_availability:
    :path: ".symlinks/plugins/google_api_availability/ios"
  location_permissions:
    :path: ".symlinks/plugins/location_permissions/ios"
  square_in_app_payments:
    :path: ".symlinks/plugins/square_in_app_payments/ios"

SPEC CHECKSUMS:
  Flutter: 0e3d915762c693b495b44d77113d4970485de6ec
  geolocator: cf6ecc0e5beffb31a51aee7ad6e49a49b293df32
  google_api_availability: 6f1017d3a61be12be3bd9f929cc5b2606f24ae7f
  location_permissions: 360d12ecd1c94a4cab68585f508be1d5ad944c8b
  square_in_app_payments: 7dbbc686b925573005257c7a3a22642269b2c04d
  SquareBuyerVerificationSDK: 6a73cc3b073d8e613cb1fe8643600ff9ac4d6373
  SquareInAppPaymentsSDK: 0cc9fd96e99710a3158362dabb2577416cf8e379

PODFILE CHECKSUM: b4204687ff1186e06fe31437ad612776f6631af7

COCOAPODS: 1.8.4
